
Microsoft Visual Studio Solution File, Format Version 12.00
# Visual Studio Version 16
VisualStudioVersion = 16.0.29613.14
MinimumVisualStudioVersion = 10.0.40219.1
Project("{FAE04EC0-301F-11D3-BF4B-00C04F79EFBC}") = "TestInvoices", "TestInvoices\TestInvoices.csproj", "{82BC869A-7221-426F-B006-F0C43B9E2DA1}"
EndProject
Global
	GlobalSection(SolutionConfigurationPlatforms) = preSolution
		Debug|Any CPU = Debug|Any CPU
		Release|Any CPU = Release|Any CPU
	EndGlobalSection
	GlobalSection(ProjectConfigurationPlatforms) = postSolution
		{82BC869A-7221-426F-B006-F0C43B9E2DA1}.Debug|Any CPU.ActiveCfg = Debug|Any CPU
		{82BC869A-7221-426F-B006-F0C43B9E2DA1}.Debug|Any CPU.Build.0 = Debug|Any CPU
		{82BC869A-7221-426F-B006-F0C43B9E2DA1}.Release|Any CPU.ActiveCfg = Release|Any CPU
		{82BC869A-7221-426F-B006-F0C43B9E2DA1}.Release|Any CPU.Build.0 = Release|Any CPU
	EndGlobalSection
	GlobalSection(SolutionProperties) = preSolution
		HideSolutionNode = FALSE
	EndGlobalSection
	GlobalSection(ExtensibilityGlobals) = postSolution
		SolutionGuid = {DACD31FB-1D46-43A9-922E-485920940E0D}
	EndGlobalSection
EndGlobal
